
Microsoft Visual Studio Solution File, Format Version 12.00
# Visual Studio Version 17
VisualStudioVersion = 17.0.31903.59
MinimumVisualStudioVersion = 10.0.40219.1
Project("{2150E333-8FDC-42A3-9474-1A3956D46DE8}") = "src", "src", "{3A82FA78-9658-4585-B98E-B415942858E7}"
EndProject
Project("{2150E333-8FDC-42A3-9474-1A3956D46DE8}") = "OrderManager", "OrderManager", "{81D47A27-B517-4263-AE68-142F24D346FF}"
EndProject
Project("{9A19103F-16F7-4668-BE54-9A1E7A4F7556}") = "OrderManager", "src\OrderManager\OrderManager.csproj", "{3773ABEE-7833-4656-9CF7-397D041A7A46}"
EndProject
Project("{9A19103F-16F7-4668-BE54-9A1E7A4F7556}") = "OrderManager.UnitTests", "tests\OrderManager.UnitTests\OrderManager.UnitTests.csproj", "{83DA482F-5D9E-436E-9953-161DBBE66085}"
EndProject
Project("{2150E333-8FDC-42A3-9474-1A3956D46DE8}") = "Domain", "Domain", "{21822D59-1F16-4115-9419-AFE2F65DF8B8}"
EndProject
Project("{9A19103F-16F7-4668-BE54-9A1E7A4F7556}") = "Domain.UnitTests", "tests\Domain.UnitTests\Domain.UnitTests.csproj", "{64C94E6F-7B66-402B-9652-0E257B508398}"
EndProject
Project("{2150E333-8FDC-42A3-9474-1A3956D46DE8}") = "Persistance", "Persistance", "{01D8CFD3-B7DE-4312-9E03-DAFC291BCE64}"
EndProject
Project("{9A19103F-16F7-4668-BE54-9A1E7A4F7556}") = "Persistance", "src\Persistance\Persistance.csproj", "{8B447CBE-E5FC-4C3C-986B-5E51F98AA39C}"
EndProject
Project("{9A19103F-16F7-4668-BE54-9A1E7A4F7556}") = "Persistance.UnitTests", "tests\Persistance.UnitTests\Persistance.UnitTests.csproj", "{E2198948-4C27-4543-9C25-70577529F091}"
EndProject
Project("{9A19103F-16F7-4668-BE54-9A1E7A4F7556}") = "Domain", "src\Domain\Domain.csproj", "{5F269E34-0A2E-424A-B59D-10B56330F733}"
EndProject
Global
	GlobalSection(SolutionConfigurationPlatforms) = preSolution
		Debug|Any CPU = Debug|Any CPU
		Release|Any CPU = Release|Any CPU
	EndGlobalSection
	GlobalSection(ProjectConfigurationPlatforms) = postSolution
		{3773ABEE-7833-4656-9CF7-397D041A7A46}.Debug|Any CPU.ActiveCfg = Debug|Any CPU
		{3773ABEE-7833-4656-9CF7-397D041A7A46}.Debug|Any CPU.Build.0 = Debug|Any CPU
		{3773ABEE-7833-4656-9CF7-397D041A7A46}.Release|Any CPU.ActiveCfg = Release|Any CPU
		{3773ABEE-7833-4656-9CF7-397D041A7A46}.Release|Any CPU.Build.0 = Release|Any CPU
		{83DA482F-5D9E-436E-9953-161DBBE66085}.Debug|Any CPU.ActiveCfg = Debug|Any CPU
		{83DA482F-5D9E-436E-9953-161DBBE66085}.Debug|Any CPU.Build.0 = Debug|Any CPU
		{83DA482F-5D9E-436E-9953-161DBBE66085}.Release|Any CPU.ActiveCfg = Release|Any CPU
		{83DA482F-5D9E-436E-9953-161DBBE66085}.Release|Any CPU.Build.0 = Release|Any CPU
		{64C94E6F-7B66-402B-9652-0E257B508398}.Debug|Any CPU.ActiveCfg = Debug|Any CPU
		{64C94E6F-7B66-402B-9652-0E257B508398}.Debug|Any CPU.Build.0 = Debug|Any CPU
		{64C94E6F-7B66-402B-9652-0E257B508398}.Release|Any CPU.ActiveCfg = Release|Any CPU
		{64C94E6F-7B66-402B-9652-0E257B508398}.Release|Any CPU.Build.0 = Release|Any CPU
		{8B447CBE-E5FC-4C3C-986B-5E51F98AA39C}.Debug|Any CPU.ActiveCfg = Debug|Any CPU
		{8B447CBE-E5FC-4C3C-986B-5E51F98AA39C}.Debug|Any CPU.Build.0 = Debug|Any CPU
		{8B447CBE-E5FC-4C3C-986B-5E51F98AA39C}.Release|Any CPU.ActiveCfg = Release|Any CPU
		{8B447CBE-E5FC-4C3C-986B-5E51F98AA39C}.Release|Any CPU.Build.0 = Release|Any CPU
		{E2198948-4C27-4543-9C25-70577529F091}.Debug|Any CPU.ActiveCfg = Debug|Any CPU
		{E2198948-4C27-4543-9C25-70577529F091}.Debug|Any CPU.Build.0 = Debug|Any CPU
		{E2198948-4C27-4543-9C25-70577529F091}.Release|Any CPU.ActiveCfg = Release|Any CPU
		{E2198948-4C27-4543-9C25-70577529F091}.Release|Any CPU.Build.0 = Release|Any CPU
		{5F269E34-0A2E-424A-B59D-10B56330F733}.Debug|Any CPU.ActiveCfg = Debug|Any CPU
		{5F269E34-0A2E-424A-B59D-10B56330F733}.Debug|Any CPU.Build.0 = Debug|Any CPU
		{5F269E34-0A2E-424A-B59D-10B56330F733}.Release|Any CPU.ActiveCfg = Release|Any CPU
		{5F269E34-0A2E-424A-B59D-10B56330F733}.Release|Any CPU.Build.0 = Release|Any CPU
	EndGlobalSection
	GlobalSection(SolutionProperties) = preSolution
		HideSolutionNode = FALSE
	EndGlobalSection
	GlobalSection(NestedProjects) = preSolution
		{81D47A27-B517-4263-AE68-142F24D346FF} = {3A82FA78-9658-4585-B98E-B415942858E7}
		{3773ABEE-7833-4656-9CF7-397D041A7A46} = {81D47A27-B517-4263-AE68-142F24D346FF}
		{83DA482F-5D9E-436E-9953-161DBBE66085} = {81D47A27-B517-4263-AE68-142F24D346FF}
		{21822D59-1F16-4115-9419-AFE2F65DF8B8} = {3A82FA78-9658-4585-B98E-B415942858E7}
		{64C94E6F-7B66-402B-9652-0E257B508398} = {21822D59-1F16-4115-9419-AFE2F65DF8B8}
		{01D8CFD3-B7DE-4312-9E03-DAFC291BCE64} = {3A82FA78-9658-4585-B98E-B415942858E7}
		{8B447CBE-E5FC-4C3C-986B-5E51F98AA39C} = {01D8CFD3-B7DE-4312-9E03-DAFC291BCE64}
		{E2198948-4C27-4543-9C25-70577529F091} = {01D8CFD3-B7DE-4312-9E03-DAFC291BCE64}
		{5F269E34-0A2E-424A-B59D-10B56330F733} = {21822D59-1F16-4115-9419-AFE2F65DF8B8}
	EndGlobalSection
	GlobalSection(ExtensibilityGlobals) = postSolution
		SolutionGuid = {F71DA846-21B8-4AEE-950D-BD18D658A9EE}
	EndGlobalSection
EndGlobal
