
Microsoft Visual Studio Solution File, Format Version 12.00
# Visual Studio Version 17
VisualStudioVersion = 17.0.31903.59
MinimumVisualStudioVersion = 10.0.40219.1
Project("{2150E333-8FDC-42A3-9474-1A3956D46DE8}") = "src", "src", "{3A82FA78-9658-4585-B98E-B415942858E7}"
EndProject
Project("{9A19103F-16F7-4668-BE54-9A1E7A4F7556}") = "ApplicationCore", "src\OrderManager\ApplicationCore.csproj", "{0AC363D3-CF24-4987-A059-FA16B45B7D66}"
EndProject
Project("{9A19103F-16F7-4668-BE54-9A1E7A4F7556}") = "WinFormsUI", "WinFormsUI\WinFormsUI.csproj", "{782EE618-6CA2-45D2-A926-6A184E35C08F}"
EndProject
Global
	GlobalSection(SolutionConfigurationPlatforms) = preSolution
		Debug|Any CPU = Debug|Any CPU
		Release|Any CPU = Release|Any CPU
	EndGlobalSection
	GlobalSection(ProjectConfigurationPlatforms) = postSolution
		{0AC363D3-CF24-4987-A059-FA16B45B7D66}.Debug|Any CPU.ActiveCfg = Debug|Any CPU
		{0AC363D3-CF24-4987-A059-FA16B45B7D66}.Debug|Any CPU.Build.0 = Debug|Any CPU
		{0AC363D3-CF24-4987-A059-FA16B45B7D66}.Release|Any CPU.ActiveCfg = Release|Any CPU
		{0AC363D3-CF24-4987-A059-FA16B45B7D66}.Release|Any CPU.Build.0 = Release|Any CPU
		{782EE618-6CA2-45D2-A926-6A184E35C08F}.Debug|Any CPU.ActiveCfg = Debug|Any CPU
		{782EE618-6CA2-45D2-A926-6A184E35C08F}.Debug|Any CPU.Build.0 = Debug|Any CPU
		{782EE618-6CA2-45D2-A926-6A184E35C08F}.Release|Any CPU.ActiveCfg = Release|Any CPU
		{782EE618-6CA2-45D2-A926-6A184E35C08F}.Release|Any CPU.Build.0 = Release|Any CPU
	EndGlobalSection
	GlobalSection(SolutionProperties) = preSolution
		HideSolutionNode = FALSE
	EndGlobalSection
	GlobalSection(NestedProjects) = preSolution
		{0AC363D3-CF24-4987-A059-FA16B45B7D66} = {3A82FA78-9658-4585-B98E-B415942858E7}
		{782EE618-6CA2-45D2-A926-6A184E35C08F} = {3A82FA78-9658-4585-B98E-B415942858E7}
	EndGlobalSection
	GlobalSection(ExtensibilityGlobals) = postSolution
		SolutionGuid = {F71DA846-21B8-4AEE-950D-BD18D658A9EE}
	EndGlobalSection
EndGlobal
